
Microsoft Visual Studio Solution File, Format Version 12.00
# Visual Studio 15
VisualStudioVersion = 15.0.27703.2042
MinimumVisualStudioVersion = 10.0.40219.1
Project("{888888A0-9F3D-457C-B088-3A5042F75D52}") = "WeatherAPP_v4.1", "WeatherAPP_v4.1.pyproj", "{89B29636-C27C-45C3-A4F4-74FF66138D12}"
EndProject
Global
	GlobalSection(SolutionConfigurationPlatforms) = preSolution
		Debug|Any CPU = Debug|Any CPU
		Release|Any CPU = Release|Any CPU
	EndGlobalSection
	GlobalSection(ProjectConfigurationPlatforms) = postSolution
		{89B29636-C27C-45C3-A4F4-74FF66138D12}.Debug|Any CPU.ActiveCfg = Debug|Any CPU
		{89B29636-C27C-45C3-A4F4-74FF66138D12}.Release|Any CPU.ActiveCfg = Release|Any CPU
	EndGlobalSection
	GlobalSection(SolutionProperties) = preSolution
		HideSolutionNode = FALSE
	EndGlobalSection
	GlobalSection(ExtensibilityGlobals) = postSolution
		SolutionGuid = {3B2491C5-A2C8-458D-A807-A6A255655D85}
	EndGlobalSection
EndGlobal
